{
  "requires": true,
  "lockfileVersion": 1,
  "dependencies": {
    "json2typescript": {
      "version": "1.4.1",
      "resolved": "https://registry.npm.taobao.org/json2typescript/download/json2typescript-1.4.1.tgz",
      "integrity": "sha1-3kuO9QRLznpYDr1Pr7512AcAEBY="
    },
    "reflect-metadata": {
      "version": "0.1.13",
      "resolved": "https://registry.npm.taobao.org/reflect-metadata/download/reflect-metadata-0.1.13.tgz",
      "integrity": "sha1-Z648pXyXKiqhZCsQ/jY/4y1J3Ag="
    }
  }
}
